// !$*UTF8*$!
{
	archiveVersion = 1;
	classes = {
	};
	objectVersion = 48;
	objects = {

/* Begin PBXBuildFile section */
		2A0E4E701E31F640F2F61BD3 /* Pods_Pocket_Learner.framework in Frameworks */ = {isa = PBXBuildFile; fileRef = 938AD227C9E1C20C19614A28 /* Pods_Pocket_Learner.framework */; };
		DC6DE84B1FEAB7E10088E46A /* AppDelegate.swift in Sources */ = {isa = PBXBuildFile; fileRef = DC6DE84A1FEAB7E10088E46A /* AppDelegate.swift */; };
		DC6DE84D1FEAB7E10088E46A /* ViewController.swift in Sources */ = {isa = PBXBuildFile; fileRef = DC6DE84C1FEAB7E10088E46A /* ViewController.swift */; };
		DC6DE8501FEAB7E10088E46A /* Main.storyboard in Resources */ = {isa = PBXBuildFile; fileRef = DC6DE84E1FEAB7E10088E46A /* Main.storyboard */; };
		DC6DE8521FEAB7E10088E46A /* Assets.xcassets in Resources */ = {isa = PBXBuildFile; fileRef = DC6DE8511FEAB7E10088E46A /* Assets.xcassets */; };
		DC6DE8551FEAB7E10088E46A /* LaunchScreen.storyboard in Resources */ = {isa = PBXBuildFile; fileRef = DC6DE8531FEAB7E10088E46A /* LaunchScreen.storyboard */; };
		DC6F81F11FEAD1EC00759148 /* LoginViewController.swift in Sources */ = {isa = PBXBuildFile; fileRef = DC6F81F01FEAD1EC00759148 /* LoginViewController.swift */; };
		DC6F81F31FEAD21100759148 /* RegisterViewController.swift in Sources */ = {isa = PBXBuildFile; fileRef = DC6F81F21FEAD21100759148 /* RegisterViewController.swift */; };
		DC6F81F51FEAD27800759148 /* QestionViewController.swift in Sources */ = {isa = PBXBuildFile; fileRef = DC6F81F41FEAD27800759148 /* QestionViewController.swift */; };
		DC6F81F91FEAD62900759148 /* GoogleService-Info (2).plist in Resources */ = {isa = PBXBuildFile; fileRef = DC6F81F81FEAD62900759148 /* GoogleService-Info (2).plist */; };
		DC6F81FB1FEAE9C700759148 /* anigif.gif in Resources */ = {isa = PBXBuildFile; fileRef = DC6F81FA1FEAE9C600759148 /* anigif.gif */; };
		DC6F81FD1FEAE9E700759148 /* anigif.gif in Resources */ = {isa = PBXBuildFile; fileRef = DC6F81FC1FEAE9E700759148 /* anigif.gif */; };
/* End PBXBuildFile section */

/* Begin PBXFileReference section */
		1F96FD7B97770FEE968192F3 /* Pods-Pocket Learner.debug.xcconfig */ = {isa = PBXFileReference; includeInIndex = 1; lastKnownFileType = text.xcconfig; name = "Pods-Pocket Learner.debug.xcconfig"; path = "Pods/Target Support Files/Pods-Pocket Learner/Pods-Pocket Learner.debug.xcconfig"; sourceTree = "<group>"; };
		7559855C4560D3606630C5F0 /* Pods-Pocket Learner.release.xcconfig */ = {isa = PBXFileReference; includeInIndex = 1; lastKnownFileType = text.xcconfig; name = "Pods-Pocket Learner.release.xcconfig"; path = "Pods/Target Support Files/Pods-Pocket Learner/Pods-Pocket Learner.release.xcconfig"; sourceTree = "<group>"; };
		938AD227C9E1C20C19614A28 /* Pods_Pocket_Learner.framework */ = {isa = PBXFileReference; explicitFileType = wrapper.framework; includeInIndex = 0; path = Pods_Pocket_Learner.framework; sourceTree = BUILT_PRODUCTS_DIR; };
		DC6DE8471FEAB7E10088E46A /* Pocket Learner.app */ = {isa = PBXFileReference; explicitFileType = wrapper.application; includeInIndex = 0; path = "Pocket Learner.app"; sourceTree = BUILT_PRODUCTS_DIR; };
		DC6DE84A1FEAB7E10088E46A /* AppDelegate.swift */ = {isa = PBXFileReference; lastKnownFileType = sourcecode.swift; path = AppDelegate.swift; sourceTree = "<group>"; };
		DC6DE84C1FEAB7E10088E46A /* ViewController.swift */ = {isa = PBXFileReference; lastKnownFileType = sourcecode.swift; path = ViewController.swift; sourceTree = "<group>"; };
		DC6DE84F1FEAB7E10088E46A /* Base */ = {isa = PBXFileReference; lastKnownFileType = file.storyboard; name = Base; path = Base.lproj/Main.storyboard; sourceTree = "<group>"; };
		DC6DE8511FEAB7E10088E46A /* Assets.xcassets */ = {isa = PBXFileReference; lastKnownFileType = folder.assetcatalog; path = Assets.xcassets; sourceTree = "<group>"; };
		DC6DE8541FEAB7E10088E46A /* Base */ = {isa = PBXFileReference; lastKnownFileType = file.storyboard; name = Base; path = Base.lproj/LaunchScreen.storyboard; sourceTree = "<group>"; };
		DC6DE8561FEAB7E10088E46A /* Info.plist */ = {isa = PBXFileReference; lastKnownFileType = text.plist.xml; path = Info.plist; sourceTree = "<group>"; };
		DC6F81F01FEAD1EC00759148 /* LoginViewController.swift */ = {isa = PBXFileReference; lastKnownFileType = sourcecode.swift; path = LoginViewController.swift; sourceTree = "<group>"; };
		DC6F81F21FEAD21100759148 /* RegisterViewController.swift */ = {isa = PBXFileReference; lastKnownFileType = sourcecode.swift; path = RegisterViewController.swift; sourceTree = "<group>"; };
		DC6F81F41FEAD27800759148 /* QestionViewController.swift */ = {isa = PBXFileReference; lastKnownFileType = sourcecode.swift; path = QestionViewController.swift; sourceTree = "<group>"; };
		DC6F81F81FEAD62900759148 /* GoogleService-Info (2).plist */ = {isa = PBXFileReference; fileEncoding = 4; lastKnownFileType = text.plist.xml; path = "GoogleService-Info (2).plist"; sourceTree = "<group>"; };
		DC6F81FA1FEAE9C600759148 /* anigif.gif */ = {isa = PBXFileReference; lastKnownFileType = image.gif; path = anigif.gif; sourceTree = "<group>"; };
		DC6F81FC1FEAE9E700759148 /* anigif.gif */ = {isa = PBXFileReference; lastKnownFileType = image.gif; path = anigif.gif; sourceTree = "<group>"; };
/* End PBXFileReference section */

/* Begin PBXFrameworksBuildPhase section */
		DC6DE8441FEAB7E10088E46A /* Frameworks */ = {
			isa = PBXFrameworksBuildPhase;
			buildActionMask = 2147483647;
			files = (
				2A0E4E701E31F640F2F61BD3 /* Pods_Pocket_Learner.framework in Frameworks */,
			);
			runOnlyForDeploymentPostprocessing = 0;
		};
/* End PBXFrameworksBuildPhase section */

/* Begin PBXGroup section */
		63E3A5633B50FBF78AC624F0 /* Frameworks */ = {
			isa = PBXGroup;
			children = (
				938AD227C9E1C20C19614A28 /* Pods_Pocket_Learner.framework */,
			);
			name = Frameworks;
			sourceTree = "<group>";
		};
		7F1AC9611C9AB2FE950CB96E /* Pods */ = {
			isa = PBXGroup;
			children = (
				1F96FD7B97770FEE968192F3 /* Pods-Pocket Learner.debug.xcconfig */,
				7559855C4560D3606630C5F0 /* Pods-Pocket Learner.release.xcconfig */,
			);
			name = Pods;
			sourceTree = "<group>";
		};
		DC6DE83E1FEAB7E10088E46A = {
			isa = PBXGroup;
			children = (
				DC6DE8491FEAB7E10088E46A /* Pocket Learner */,
				DC6F81FC1FEAE9E700759148 /* anigif.gif */,
				DC6DE8481FEAB7E10088E46A /* Products */,
				7F1AC9611C9AB2FE950CB96E /* Pods */,
				63E3A5633B50FBF78AC624F0 /* Frameworks */,
			);
			sourceTree = "<group>";
		};
		DC6DE8481FEAB7E10088E46A /* Products */ = {
			isa = PBXGroup;
			children = (
				DC6DE8471FEAB7E10088E46A /* Pocket Learner.app */,
			);
			name = Products;
			sourceTree = "<group>";
		};
		DC6DE8491FEAB7E10088E46A /* Pocket Learner */ = {
			isa = PBXGroup;
			children = (
				DC6DE84A1FEAB7E10088E46A /* AppDelegate.swift */,
				DC6DE84C1FEAB7E10088E46A /* ViewController.swift */,
				DC6F81F01FEAD1EC00759148 /* LoginViewController.swift */,
				DC6F81F21FEAD21100759148 /* RegisterViewController.swift */,
				DC6F81F41FEAD27800759148 /* QestionViewController.swift */,
				DC6DE84E1FEAB7E10088E46A /* Main.storyboard */,
				DC6DE8511FEAB7E10088E46A /* Assets.xcassets */,
				DC6DE8531FEAB7E10088E46A /* LaunchScreen.storyboard */,
				DC6F81FA1FEAE9C600759148 /* anigif.gif */,
				DC6DE8561FEAB7E10088E46A /* Info.plist */,
				DC6F81F81FEAD62900759148 /* GoogleService-Info (2).plist */,
			);
			path = "Pocket Learner";
			sourceTree = "<group>";
		};
/* End PBXGroup section */

/* Begin PBXNativeTarget section */
		DC6DE8461FEAB7E10088E46A /* Pocket Learner */ = {
			isa = PBXNativeTarget;
			buildConfigurationList = DC6DE8591FEAB7E10088E46A /* Build configuration list for PBXNativeTarget "Pocket Learner" */;
			buildPhases = (
				EDCD6C52852D5C1A0F84BBA5 /* [CP] Check Pods Manifest.lock */,
				DC6DE8431FEAB7E10088E46A /* Sources */,
				DC6DE8441FEAB7E10088E46A /* Frameworks */,
				DC6DE8451FEAB7E10088E46A /* Resources */,
				3237925229DE74F4AED7B6B5 /* [CP] Embed Pods Frameworks */,
				259A27FF425FAC8B36347C2B /* [CP] Copy Pods Resources */,
			);
			buildRules = (
			);
			dependencies = (
			);
			name = "Pocket Learner";
			productName = "Pocket Learner";
			productReference = DC6DE8471FEAB7E10088E46A /* Pocket Learner.app */;
			productType = "com.apple.product-type.application";
		};
/* End PBXNativeTarget section */

/* Begin PBXProject section */
		DC6DE83F1FEAB7E10088E46A /* Project object */ = {
			isa = PBXProject;
			attributes = {
				LastSwiftUpdateCheck = 0920;
				LastUpgradeCheck = 0920;
				ORGANIZATIONNAME = "Hitendra Dubey";
				TargetAttributes = {
					DC6DE8461FEAB7E10088E46A = {
						CreatedOnToolsVersion = 9.2;
						ProvisioningStyle = Automatic;
					};
				};
			};
			buildConfigurationList = DC6DE8421FEAB7E10088E46A /* Build configuration list for PBXProject "Pocket Learner" */;
			compatibilityVersion = "Xcode 8.0";
			developmentRegion = en;
			hasScannedForEncodings = 0;
			knownRegions = (
				en,
				Base,
			);
			mainGroup = DC6DE83E1FEAB7E10088E46A;
			productRefGroup = DC6DE8481FEAB7E10088E46A /* Products */;
			projectDirPath = "";
			projectRoot = "";
			targets = (
				DC6DE8461FEAB7E10088E46A /* Pocket Learner */,
			);
		};
/* End PBXProject section */

/* Begin PBXResourcesBuildPhase section */
		DC6DE8451FEAB7E10088E46A /* Resources */ = {
			isa = PBXResourcesBuildPhase;
			buildActionMask = 2147483647;
			files = (
				DC6F81FD1FEAE9E700759148 /* anigif.gif in Resources */,
				DC6F81F91FEAD62900759148 /* GoogleService-Info (2).plist in Resources */,
				DC6DE8551FEAB7E10088E46A /* LaunchScreen.storyboard in Resources */,
				DC6F81FB1FEAE9C700759148 /* anigif.gif in Resources */,
				DC6DE8521FEAB7E10088E46A /* Assets.xcassets in Resources */,
				DC6DE8501FEAB7E10088E46A /* Main.storyboard in Resources */,
			);
			runOnlyForDeploymentPostprocessing = 0;
		};
/* End PBXResourcesBuildPhase section */

/* Begin PBXShellScriptBuildPhase section */
		259A27FF425FAC8B36347C2B /* [CP] Copy Pods Resources */ = {
			isa = PBXShellScriptBuildPhase;
			buildActionMask = 2147483647;
			files = (
			);
			inputPaths = (
			);
			name = "[CP] Copy Pods Resources";
			outputPaths = (
			);
			runOnlyForDeploymentPostprocessing = 0;
			shellPath = /bin/sh;
			shellScript = "\"${SRCROOT}/Pods/Target Support Files/Pods-Pocket Learner/Pods-Pocket Learner-resources.sh\"\n";
			showEnvVarsInLog = 0;
		};
		3237925229DE74F4AED7B6B5 /* [CP] Embed Pods Frameworks */ = {
			isa = PBXShellScriptBuildPhase;
			buildActionMask = 2147483647;
			files = (
			);
			inputPaths = (
				"${SRCROOT}/Pods/Target Support Files/Pods-Pocket Learner/Pods-Pocket Learner-frameworks.sh",
				"${BUILT_PRODUCTS_DIR}/Alamofire/Alamofire.framework",
				"${BUILT_PRODUCTS_DIR}/GTMSessionFetcher/GTMSessionFetcher.framework",
				"${BUILT_PRODUCTS_DIR}/GoogleToolboxForMac/GoogleToolboxForMac.framework",
				"${BUILT_PRODUCTS_DIR}/SVProgressHUD/SVProgressHUD.framework",
				"${BUILT_PRODUCTS_DIR}/SwiftyJSON/SwiftyJSON.framework",
				"${BUILT_PRODUCTS_DIR}/leveldb-library/leveldb.framework",
				"${BUILT_PRODUCTS_DIR}/nanopb/nanopb.framework",
			);
			name = "[CP] Embed Pods Frameworks";
			outputPaths = (
				"${TARGET_BUILD_DIR}/${FRAMEWORKS_FOLDER_PATH}/Alamofire.framework",
				"${TARGET_BUILD_DIR}/${FRAMEWORKS_FOLDER_PATH}/GTMSessionFetcher.framework",
				"${TARGET_BUILD_DIR}/${FRAMEWORKS_FOLDER_PATH}/GoogleToolboxForMac.framework",
				"${TARGET_BUILD_DIR}/${FRAMEWORKS_FOLDER_PATH}/SVProgressHUD.framework",
				"${TARGET_BUILD_DIR}/${FRAMEWORKS_FOLDER_PATH}/SwiftyJSON.framework",
				"${TARGET_BUILD_DIR}/${FRAMEWORKS_FOLDER_PATH}/leveldb.framework",
				"${TARGET_BUILD_DIR}/${FRAMEWORKS_FOLDER_PATH}/nanopb.framework",
			);
			runOnlyForDeploymentPostprocessing = 0;
			shellPath = /bin/sh;
			shellScript = "\"${SRCROOT}/Pods/Target Support Files/Pods-Pocket Learner/Pods-Pocket Learner-frameworks.sh\"\n";
			showEnvVarsInLog = 0;
		};
		EDCD6C52852D5C1A0F84BBA5 /* [CP] Check Pods Manifest.lock */ = {
			isa = PBXShellScriptBuildPhase;
			buildActionMask = 2147483647;
			files = (
			);
			inputPaths = (
				"${PODS_PODFILE_DIR_PATH}/Podfile.lock",
				"${PODS_ROOT}/Manifest.lock",
			);
			name = "[CP] Check Pods Manifest.lock";
			outputPaths = (
				"$(DERIVED_FILE_DIR)/Pods-Pocket Learner-checkManifestLockResult.txt",
			);
			runOnlyForDeploymentPostprocessing = 0;
			shellPath = /bin/sh;
			shellScript = "diff \"${PODS_PODFILE_DIR_PATH}/Podfile.lock\" \"${PODS_ROOT}/Manifest.lock\" > /dev/null\nif [ $? != 0 ] ; then\n    # print error to STDERR\n    echo \"error: The sandbox is not in sync with the Podfile.lock. Run 'pod install' or update your CocoaPods installation.\" >&2\n    exit 1\nfi\n# This output is used by Xcode 'outputs' to avoid re-running this script phase.\necho \"SUCCESS\" > \"${SCRIPT_OUTPUT_FILE_0}\"\n";
			showEnvVarsInLog = 0;
		};
/* End PBXShellScriptBuildPhase section */

/* Begin PBXSourcesBuildPhase section */
		DC6DE8431FEAB7E10088E46A /* Sources */ = {
			isa = PBXSourcesBuildPhase;
			buildActionMask = 2147483647;
			files = (
				DC6F81F11FEAD1EC00759148 /* LoginViewController.swift in Sources */,
				DC6F81F51FEAD27800759148 /* QestionViewController.swift in Sources */,
				DC6DE84D1FEAB7E10088E46A /* ViewController.swift in Sources */,
				DC6DE84B1FEAB7E10088E46A /* AppDelegate.swift in Sources */,
				DC6F81F31FEAD21100759148 /* RegisterViewController.swift in Sources */,
			);
			runOnlyForDeploymentPostprocessing = 0;
		};
/* End PBXSourcesBuildPhase section */

/* Begin PBXVariantGroup section */
		DC6DE84E1FEAB7E10088E46A /* Main.storyboard */ = {
			isa = PBXVariantGroup;
			children = (
				DC6DE84F1FEAB7E10088E46A /* Base */,
			);
			name = Main.storyboard;
			sourceTree = "<group>";
		};
		DC6DE8531FEAB7E10088E46A /* LaunchScreen.storyboard */ = {
			isa = PBXVariantGroup;
			children = (
				DC6DE8541FEAB7E10088E46A /* Base */,
			);
			name = LaunchScreen.storyboard;
			sourceTree = "<group>";
		};
/* End PBXVariantGroup section */

/* Begin XCBuildConfiguration section */
		DC6DE8571FEAB7E10088E46A /* Debug */ = {
			isa = XCBuildConfiguration;
			buildSettings = {
				ALWAYS_SEARCH_USER_PATHS = NO;
				CLANG_ANALYZER_NONNULL = YES;
				CLANG_ANALYZER_NUMBER_OBJECT_CONVERSION = YES_AGGRESSIVE;
				CLANG_CXX_LANGUAGE_STANDARD = "gnu++14";
				CLANG_CXX_LIBRARY = "libc++";
				CLANG_ENABLE_MODULES = YES;
				CLANG_ENABLE_OBJC_ARC = YES;
				CLANG_WARN_BLOCK_CAPTURE_AUTORELEASING = YES;
				CLANG_WARN_BOOL_CONVERSION = YES;
				CLANG_WARN_COMMA = YES;
				CLANG_WARN_CONSTANT_CONVERSION = YES;
				CLANG_WARN_DIRECT_OBJC_ISA_USAGE = YES_ERROR;
				CLANG_WARN_DOCUMENTATION_COMMENTS = YES;
				CLANG_WARN_EMPTY_BODY = YES;
				CLANG_WARN_ENUM_CONVERSION = YES;
				CLANG_WARN_INFINITE_RECURSION = YES;
				CLANG_WARN_INT_CONVERSION = YES;
				CLANG_WARN_NON_LITERAL_NULL_CONVERSION = YES;
				CLANG_WARN_OBJC_LITERAL_CONVERSION = YES;
				CLANG_WARN_OBJC_ROOT_CLASS = YES_ERROR;
				CLANG_WARN_RANGE_LOOP_ANALYSIS = YES;
				CLANG_WARN_STRICT_PROTOTYPES = YES;
				CLANG_WARN_SUSPICIOUS_MOVE = YES;
				CLANG_WARN_UNGUARDED_AVAILABILITY = YES_AGGRESSIVE;
				CLANG_WARN_UNREACHABLE_CODE = YES;
				CLANG_WARN__DUPLICATE_METHOD_MATCH = YES;
				CODE_SIGN_IDENTITY = "iPhone Developer";
				COPY_PHASE_STRIP = NO;
				DEBUG_INFORMATION_FORMAT = dwarf;
				ENABLE_STRICT_OBJC_MSGSEND = YES;
				ENABLE_TESTABILITY = YES;
				GCC_C_LANGUAGE_STANDARD = gnu11;
				GCC_DYNAMIC_NO_PIC = NO;
				GCC_NO_COMMON_BLOCKS = YES;
				GCC_OPTIMIZATION_LEVEL = 0;
				GCC_PREPROCESSOR_DEFINITIONS = (
					"DEBUG=1",
					"$(inherited)",
				);
				GCC_WARN_64_TO_32_BIT_CONVERSION = YES;
				GCC_WARN_ABOUT_RETURN_TYPE = YES_ERROR;
				GCC_WARN_UNDECLARED_SELECTOR = YES;
				GCC_WARN_UNINITIALIZED_AUTOS = YES_AGGRESSIVE;
				GCC_WARN_UNUSED_FUNCTION = YES;
				GCC_WARN_UNUSED_VARIABLE = YES;
				IPHONEOS_DEPLOYMENT_TARGET = 11.2;
				MTL_ENABLE_DEBUG_INFO = YES;
				ONLY_ACTIVE_ARCH = YES;
				SDKROOT = iphoneos;
				SWIFT_ACTIVE_COMPILATION_CONDITIONS = DEBUG;
				SWIFT_OPTIMIZATION_LEVEL = "-Onone";
			};
			name = Debug;
		};
		DC6DE8581FEAB7E10088E46A /* Release */ = {
			isa = XCBuildConfiguration;
			buildSettings = {
				ALWAYS_SEARCH_USER_PATHS = NO;
				CLANG_ANALYZER_NONNULL = YES;
				CLANG_ANALYZER_NUMBER_OBJECT_CONVERSION = YES_AGGRESSIVE;
				CLANG_CXX_LANGUAGE_STANDARD = "gnu++14";
				CLANG_CXX_LIBRARY = "libc++";
				CLANG_ENABLE_MODULES = YES;
				CLANG_ENABLE_OBJC_ARC = YES;
				CLANG_WARN_BLOCK_CAPTURE_AUTORELEASING = YES;
				CLANG_WARN_BOOL_CONVERSION = YES;
				CLANG_WARN_COMMA = YES;
				CLANG_WARN_CONSTANT_CONVERSION = YES;
				CLANG_WARN_DIRECT_OBJC_ISA_USAGE = YES_ERROR;
				CLANG_WARN_DOCUMENTATION_COMMENTS = YES;
				CLANG_WARN_EMPTY_BODY = YES;
				CLANG_WARN_ENUM_CONVERSION = YES;
				CLANG_WARN_INFINITE_RECURSION = YES;
				CLANG_WARN_INT_CONVERSION = YES;
				CLANG_WARN_NON_LITERAL_NULL_CONVERSION = YES;
				CLANG_WARN_OBJC_LITERAL_CONVERSION = YES;
				CLANG_WARN_OBJC_ROOT_CLASS = YES_ERROR;
				CLANG_WARN_RANGE_LOOP_ANALYSIS = YES;
				CLANG_WARN_STRICT_PROTOTYPES = YES;
				CLANG_WARN_SUSPICIOUS_MOVE = YES;
				CLANG_WARN_UNGUARDED_AVAILABILITY = YES_AGGRESSIVE;
				CLANG_WARN_UNREACHABLE_CODE = YES;
				CLANG_WARN__DUPLICATE_METHOD_MATCH = YES;
				CODE_SIGN_IDENTITY = "iPhone Developer";
				COPY_PHASE_STRIP = NO;
				DEBUG_INFORMATION_FORMAT = "dwarf-with-dsym";
				ENABLE_NS_ASSERTIONS = NO;
				ENABLE_STRICT_OBJC_MSGSEND = YES;
				GCC_C_LANGUAGE_STANDARD = gnu11;
				GCC_NO_COMMON_BLOCKS = YES;
				GCC_WARN_64_TO_32_BIT_CONVERSION = YES;
				GCC_WARN_ABOUT_RETURN_TYPE = YES_ERROR;
				GCC_WARN_UNDECLARED_SELECTOR = YES;
				GCC_WARN_UNINITIALIZED_AUTOS = YES_AGGRESSIVE;
				GCC_WARN_UNUSED_FUNCTION = YES;
				GCC_WARN_UNUSED_VARIABLE = YES;
				IPHONEOS_DEPLOYMENT_TARGET = 11.2;
				MTL_ENABLE_DEBUG_INFO = NO;
				SDKROOT = iphoneos;
				SWIFT_OPTIMIZATION_LEVEL = "-Owholemodule";
				VALIDATE_PRODUCT = YES;
			};
			name = Release;
		};
		DC6DE85A1FEAB7E10088E46A /* Debug */ = {
			isa = XCBuildConfiguration;
			baseConfigurationReference = 1F96FD7B97770FEE968192F3 /* Pods-Pocket Learner.debug.xcconfig */;
			buildSettings = {
				ASSETCATALOG_COMPILER_APPICON_NAME = AppIcon;
				CODE_SIGN_STYLE = Automatic;
				DEVELOPMENT_TEAM = CEW3L75JU4;
				INFOPLIST_FILE = "Pocket Learner/Info.plist";
				LD_RUNPATH_SEARCH_PATHS = "$(inherited) @executable_path/Frameworks";
				PRODUCT_BUNDLE_IDENTIFIER = "com.Hitendradubey.Pocket-Learner";
				PRODUCT_NAME = "$(TARGET_NAME)";
				SWIFT_VERSION = 4.0;
				TARGETED_DEVICE_FAMILY = "1,2";
			};
			name = Debug;
		};
		DC6DE85B1FEAB7E10088E46A /* Release */ = {
			isa = XCBuildConfiguration;
			baseConfigurationReference = 7559855C4560D3606630C5F0 /* Pods-Pocket Learner.release.xcconfig */;
			buildSettings = {
				ASSETCATALOG_COMPILER_APPICON_NAME = AppIcon;
				CODE_SIGN_STYLE = Automatic;
				DEVELOPMENT_TEAM = CEW3L75JU4;
				INFOPLIST_FILE = "Pocket Learner/Info.plist";
				LD_RUNPATH_SEARCH_PATHS = "$(inherited) @executable_path/Frameworks";
				PRODUCT_BUNDLE_IDENTIFIER = "com.Hitendradubey.Pocket-Learner";
				PRODUCT_NAME = "$(TARGET_NAME)";
				SWIFT_VERSION = 4.0;
				TARGETED_DEVICE_FAMILY = "1,2";
			};
			name = Release;
		};
/* End XCBuildConfiguration section */

/* Begin XCConfigurationList section */
		DC6DE8421FEAB7E10088E46A /* Build configuration list for PBXProject "Pocket Learner" */ = {
			isa = XCConfigurationList;
			buildConfigurations = (
				DC6DE8571FEAB7E10088E46A /* Debug */,
				DC6DE8581FEAB7E10088E46A /* Release */,
			);
			defaultConfigurationIsVisible = 0;
			defaultConfigurationName = Release;
		};
		DC6DE8591FEAB7E10088E46A /* Build configuration list for PBXNativeTarget "Pocket Learner" */ = {
			isa = XCConfigurationList;
			buildConfigurations = (
				DC6DE85A1FEAB7E10088E46A /* Debug */,
				DC6DE85B1FEAB7E10088E46A /* Release */,
			);
			defaultConfigurationIsVisible = 0;
			defaultConfigurationName = Release;
		};
/* End XCConfigurationList section */
	};
	rootObject = DC6DE83F1FEAB7E10088E46A /* Project object */;
}
